
Microsoft Visual Studio Solution File, Format Version 12.00
# Visual Studio Version 17
VisualStudioVersion = 17.3.32819.101
MinimumVisualStudioVersion = 10.0.40219.1
Project("{FAE04EC0-301F-11D3-BF4B-00C04F79EFBC}") = "WebApiWithEF6SqlMigration", "WebApiWithEF6SqlMigration\WebApiWithEF6SqlMigration.csproj", "{70DEA22A-9919-4F55-A465-5DA54C1D8790}"
EndProject
Global
	GlobalSection(SolutionConfigurationPlatforms) = preSolution
		Debug|Any CPU = Debug|Any CPU
		Release|Any CPU = Release|Any CPU
	EndGlobalSection
	GlobalSection(ProjectConfigurationPlatforms) = postSolution
		{70DEA22A-9919-4F55-A465-5DA54C1D8790}.Debug|Any CPU.ActiveCfg = Debug|Any CPU
		{70DEA22A-9919-4F55-A465-5DA54C1D8790}.Debug|Any CPU.Build.0 = Debug|Any CPU
		{70DEA22A-9919-4F55-A465-5DA54C1D8790}.Release|Any CPU.ActiveCfg = Release|Any CPU
		{70DEA22A-9919-4F55-A465-5DA54C1D8790}.Release|Any CPU.Build.0 = Release|Any CPU
	EndGlobalSection
	GlobalSection(SolutionProperties) = preSolution
		HideSolutionNode = FALSE
	EndGlobalSection
	GlobalSection(ExtensibilityGlobals) = postSolution
		SolutionGuid = {6D9B6584-E3D2-4526-98BF-6FA48B086775}
	EndGlobalSection
EndGlobal
